# THIS IS AN AUTOGENERATED FILE. DO NOT EDIT THIS FILE DIRECTLY.
# yarn lockfile v1


active-x-obfuscator@0.0.1:
  version "0.0.1"
  resolved "https://registry.yarnpkg.com/active-x-obfuscator/-/active-x-obfuscator-0.0.1.tgz#089b89b37145ff1d9ec74af6530be5526cae1f1a"
  integrity sha1-CJuJs3FF/x2ex0r2UwvlUmyuHxo=
  dependencies:
    zeparser "0.0.5"

asap@~2.0.3:
  version "2.0.6"
  resolved "https://registry.yarnpkg.com/asap/-/asap-2.0.6.tgz#e50347611d7e690943208bbdafebcbc2fb866d46"
  integrity sha1-5QNHYR1+aQlDIIu9r+vLwvuGbUY=

async@^2.0.1:
  version "2.6.1"
  resolved "https://registry.yarnpkg.com/async/-/async-2.6.1.tgz#b245a23ca71930044ec53fa46aa00a3e87c6a610"
  integrity sha512-fNEiL2+AZt6AlAw/29Cr0UDe4sRAHCpEHh54WMz+Bb7QfNcFw4h3loofyJpLeQs4Yx7yuqu/2dLgM5hKOs6HlQ==
  dependencies:
    lodash "^4.17.10"

backoff@~2.3.0:
  version "2.3.0"
  resolved "https://registry.yarnpkg.com/backoff/-/backoff-2.3.0.tgz#ee7c7e38093f92e472859db635e7652454fc21ea"
  integrity sha1-7nx+OAk/kuRyhZ22NedlJFT8Ieo=

base64id@0.1.0:
  version "0.1.0"
  resolved "https://registry.yarnpkg.com/base64id/-/base64id-0.1.0.tgz#02ce0fdeee0cef4f40080e1e73e834f0b1bfce3f"
  integrity sha1-As4P3u4M709ACA4ec+g08LG/zj8=

batch@0.5.0:
  version "0.5.0"
  resolved "https://registry.yarnpkg.com/batch/-/batch-0.5.0.tgz#fd2e05a7a5d696b4db9314013e285d8ff3557ec3"
  integrity sha1-/S4Fp6XWlrTbkxQBPihdj/NVfsM=

bindings@1.2.x, bindings@~1.2.1:
  version "1.2.1"
  resolved "https://registry.yarnpkg.com/bindings/-/bindings-1.2.1.tgz#14ad6113812d2d37d72e67b4cacb4bb726505f11"
  integrity sha1-FK1hE4EtLTfXLme0ystLtyZQXxE=

buffer-crc32@0.2.1:
  version "0.2.1"
  resolved "https://registry.yarnpkg.com/buffer-crc32/-/buffer-crc32-0.2.1.tgz#be3e5382fc02b6d6324956ac1af98aa98b08534c"
  integrity sha1-vj5TgvwCttYySVasGvmKqYsIU0w=

bufferutil@1.2.x:
  version "1.2.1"
  resolved "https://registry.yarnpkg.com/bufferutil/-/bufferutil-1.2.1.tgz#37be5d36e1e06492221e68d474b1ac58e510cbd7"
  integrity sha1-N75dNuHgZJIiHmjUdLGsWOUQy9c=
  dependencies:
    bindings "1.2.x"
    nan "^2.0.5"

bytes@0.2.1, bytes@~0.2.1:
  version "0.2.1"
  resolved "https://registry.yarnpkg.com/bytes/-/bytes-0.2.1.tgz#555b08abcb063f8975905302523e4cd4ffdfdf31"
  integrity sha1-VVsIq8sGP4l1kFMCUj5M1P/f3zE=

colors@>=0.6.0:
  version "1.3.2"
  resolved "https://registry.yarnpkg.com/colors/-/colors-1.3.2.tgz#2df8ff573dfbf255af562f8ce7181d6b971a359b"
  integrity sha512-rhP0JSBGYvpcNQj4s5AdShMeE5ahMop96cTeDl/v9qQQm2fYClE2QXZRi8wLzc+GmXSxdIqqbOIAhyObEXDbfQ==

commander@1.3.2:
  version "1.3.2"
  resolved "https://registry.yarnpkg.com/commander/-/commander-1.3.2.tgz#8a8f30ec670a6fdd64af52f1914b907d79ead5b5"
  integrity sha1-io8w7GcKb91kr1LxkUuQfXnq1bU=
  dependencies:
    keypress "0.1.x"

commander@~2.1.0:
  version "2.1.0"
  resolved "https://registry.yarnpkg.com/commander/-/commander-2.1.0.tgz#d121bbae860d9992a3d517ba96f56588e47c6781"
  integrity sha1-0SG7roYNmZKj1Re6lvVliOR8Z4E=

connect@2.12.0:
  version "2.12.0"
  resolved "https://registry.yarnpkg.com/connect/-/connect-2.12.0.tgz#31d8fa0dcacdf1908d822bd2923be8a2d2a7ed9a"
  integrity sha1-Mdj6DcrN8ZCNgivSkjvootKn7Zo=
  dependencies:
    batch "0.5.0"
    buffer-crc32 "0.2.1"
    bytes "0.2.1"
    cookie "0.1.0"
    cookie-signature "1.0.1"
    debug ">= 0.7.3 < 1"
    fresh "0.2.0"
    methods "0.1.0"
    multiparty "2.2.0"
    negotiator "0.3.0"
    pause "0.0.1"
    qs "0.6.6"
    raw-body "1.1.2"
    send "0.1.4"
    uid2 "0.0.3"

cookie-signature@1.0.1:
  version "1.0.1"
  resolved "https://registry.yarnpkg.com/cookie-signature/-/cookie-signature-1.0.1.tgz#44e072148af01e6e8e24afbf12690d68ae698ecb"
  integrity sha1-ROByFIrwHm6OJK+/EmkNaK5pjss=

cookie@0.1.0:
  version "0.1.0"
  resolved "https://registry.yarnpkg.com/cookie/-/cookie-0.1.0.tgz#90eb469ddce905c866de687efc43131d8801f9d0"
  integrity sha1-kOtGndzpBchm3mh+/EMTHYgB+dA=

core-util-is@~1.0.0:
  version "1.0.2"
  resolved "https://registry.yarnpkg.com/core-util-is/-/core-util-is-1.0.2.tgz#b5fd54220aa2bc5ab57aab7140c940754503c1a7"
  integrity sha1-tf1UIgqivFq1eqtxQMlAdUUDwac=

debug@*:
  version "4.1.0"
  resolved "https://registry.yarnpkg.com/debug/-/debug-4.1.0.tgz#373687bffa678b38b1cd91f861b63850035ddc87"
  integrity sha512-heNPJUJIqC+xB6ayLAMHaIrmN9HKa7aQO8MGqKpvCA+uJYVcvR6l5kgdrhRuwPFHU7P5/A1w0BjByPHwpfTDKg==
  dependencies:
    ms "^2.1.1"

"debug@>= 0.7.3 < 1":
  version "0.8.1"
  resolved "https://registry.yarnpkg.com/debug/-/debug-0.8.1.tgz#20ff4d26f5e422cb68a1bacbbb61039ad8c1c130"
  integrity sha1-IP9NJvXkIstoobrLu2EDmtjBwTA=

ejs@~1.0.0:
  version "1.0.0"
  resolved "https://registry.yarnpkg.com/ejs/-/ejs-1.0.0.tgz#c9c60a48a46ee452fb32a71c317b95e5aa1fcb3d"
  integrity sha1-ycYKSKRu5FL7MqccMXuV5aofyz0=

error-tojson@0.0.1:
  version "0.0.1"
  resolved "https://registry.yarnpkg.com/error-tojson/-/error-tojson-0.0.1.tgz#a7b1aa94ffc00e9078c2eba26e204bd87cf2cbb9"
  integrity sha1-p7GqlP/ADpB4wuuibiBL2Hzyy7k=

es6-promise@^4.0.5:
  version "4.2.5"
  resolved "https://registry.yarnpkg.com/es6-promise/-/es6-promise-4.2.5.tgz#da6d0d5692efb461e082c14817fe2427d8f5d054"
  integrity sha512-n6wvpdE43VFtJq+lUDYDBFUwV8TZbuGXLV4D6wKafg13ldznKsyEvatubnmUe31zcvelSzOHF+XbaT+Bl9ObDg==

express@~3.4.0:
  version "3.4.8"
  resolved "https://registry.yarnpkg.com/express/-/express-3.4.8.tgz#aa7a8986de07053337f4bc5ed9a6453d9cc8e2e1"
  integrity sha1-qnqJht4HBTM39Lxe2aZFPZzI4uE=
  dependencies:
    buffer-crc32 "0.2.1"
    commander "1.3.2"
    connect "2.12.0"
    cookie "0.1.0"
    cookie-signature "1.0.1"
    debug ">= 0.7.3 < 1"
    fresh "0.2.0"
    merge-descriptors "0.0.1"
    methods "0.1.0"
    mkdirp "0.3.5"
    range-parser "0.0.4"
    send "0.1.4"

extend@^3.0.0:
  version "3.0.2"
  resolved "https://registry.yarnpkg.com/extend/-/extend-3.0.2.tgz#f8b1136b4071fbd8eb140aff858b1019ec2915fa"
  integrity sha512-fjquC59cD7CyW6urNXK0FBufkZcoiGG80wTuPujX590cB5Ttln20E2UB4S/WARVqhXffZl2LNgS+gQdPIIim/g==

freeice@^2.1.2:
  version "2.2.2"
  resolved "https://registry.yarnpkg.com/freeice/-/freeice-2.2.2.tgz#f66b3e0f67c2fda835161f76d4884881cde83be4"
  integrity sha512-XNoIxDHufqPIBSLpp4IrFPnoc+hv/0RwdOGhIoggIDC2ZKf5r6OoixbeoFJSmZOAq2aYiEUArhuQ8zVVrM5C4w==
  dependencies:
    normalice "^1.0.0"

fresh@0.2.0:
  version "0.2.0"
  resolved "https://registry.yarnpkg.com/fresh/-/fresh-0.2.0.tgz#bfd9402cf3df12c4a4c310c79f99a3dde13d34a7"
  integrity sha1-v9lALPPfEsSkwxDHn5mj3eE9NKc=

hark@1.1.3:
  version "1.1.3"
  resolved "https://registry.yarnpkg.com/hark/-/hark-1.1.3.tgz#679cb786c48f2b197768c89d7a3e0d8ac626d558"
  integrity sha1-Z5y3hsSPKxl3aMidej4NisYm1Vg=
  dependencies:
    wildemitter "^1.2.0"

inherits@^2.0.1, inherits@^2.0.3, inherits@~2.0.1:
  version "2.0.3"
  resolved "https://registry.yarnpkg.com/inherits/-/inherits-2.0.3.tgz#633c2c83e3da42a502f52466022480f4208261de"
  integrity sha1-Yzwsg+PaQqUC9SRmAiSA9CCCYd4=

isarray@0.0.1:
  version "0.0.1"
  resolved "https://registry.yarnpkg.com/isarray/-/isarray-0.0.1.tgz#8a18acfca9a8f4177e09abfc6038939b05d1eedf"
  integrity sha1-ihis/Kmo9Bd+Cav8YDiTmwXR7t8=

isbuffer@0.0.0:
  version "0.0.0"
  resolved "https://registry.yarnpkg.com/isbuffer/-/isbuffer-0.0.0.tgz#38c146d9df528b8bf9b0701c3d43cf12df3fc39b"
  integrity sha1-OMFG2d9Si4v5sHAcPUPPEt8/w5s=

keypress@0.1.x:
  version "0.1.0"
  resolved "https://registry.yarnpkg.com/keypress/-/keypress-0.1.0.tgz#4a3188d4291b66b4f65edb99f806aa9ae293592a"
  integrity sha1-SjGI1CkbZrT2XtuZ+AaqmuKTWSo=

kurento-browser-extensions@*:
  version "0.0.2"
  resolved "https://registry.yarnpkg.com/kurento-browser-extensions/-/kurento-browser-extensions-0.0.2.tgz#4b2bac2b820aa004b724acf6ae3eb4dfe8126abb"
  integrity sha1-SyusK4IKoAS3JKz2rj603+gSars=

"kurento-client-core@github:Kurento/kurento-client-core-js#master":
  version "6.9.0-dev"
  resolved "https://codeload.github.com/Kurento/kurento-client-core-js/tar.gz/e125435129c3af9ba6a29709abed932eb6e42fd5"

"kurento-client-elements@github:Kurento/kurento-client-elements-js#master":
  version "6.9.0-dev"
  resolved "https://codeload.github.com/Kurento/kurento-client-elements-js/tar.gz/b0c2e3e37c669a7cc273ff35a3a3e5907b471336"

"kurento-client-filters@github:Kurento/kurento-client-filters-js#master":
  version "6.9.0-dev"
  resolved "https://codeload.github.com/Kurento/kurento-client-filters-js/tar.gz/bb8dcddab23d947f80135143ad2b39d7ecd98081"

kurento-client@^6.8.0:
  version "6.8.0"
  resolved "https://registry.yarnpkg.com/kurento-client/-/kurento-client-6.8.0.tgz#889e3fd730de35451d3e2ff819280898e1dd4f33"
  integrity sha512-o2te002Pq5l3/lynhJpt0MPXABOrRKpUFWlPUb9iMZTVugxkN5RlgSS0YOgPPwqEbNqxEi1V0SljAV9WFFMZKg==
  dependencies:
    async "^2.0.1"
    error-tojson "0.0.1"
    es6-promise "^4.0.5"
    extend "^3.0.0"
    inherits "^2.0.3"
    kurento-client-core Kurento/kurento-client-core-js#master
    kurento-client-elements Kurento/kurento-client-elements-js#master
    kurento-client-filters Kurento/kurento-client-filters-js#master
    kurento-jsonrpc Kurento/kurento-jsonrpc-js#master
    minimist "^1.2.0"
    promise "7.1.1"
    promisecallback "0.0.4"
    reconnect-ws KurentoForks/reconnect-ws#master

"kurento-jsonrpc@github:Kurento/kurento-jsonrpc-js#master":
  version "6.8.1-dev"
  resolved "https://codeload.github.com/Kurento/kurento-jsonrpc-js/tar.gz/b295874cbbb0f400374054f270cb557ecdfd2faa"
  dependencies:
    bufferutil "1.2.x"
    inherits "^2.0.1"
    utf-8-validate "1.2.x"
    ws "^1.1.1"

kurento-utils@^6.8.0:
  version "6.8.0"
  resolved "https://registry.yarnpkg.com/kurento-utils/-/kurento-utils-6.8.0.tgz#2310a4eceb629cb1922f40b6eace91867cbcb6dd"
  integrity sha512-j7knYlp5wx45tU1CBcG2PNJGwO0N4Lhq1UiTfdQ+RG1ePIS0YWDmcPuDLZopg5/IebfLJpvvMsGHV0hjU9AxPg==
  dependencies:
    freeice "^2.1.2"
    hark "1.1.3"
    inherits "^2.0.1"
    merge "^1.2.0"
    sdp-translator "^0.1.15"
    ua-parser-js "^0.7.7"
    uuid "~2.0.1"
  optionalDependencies:
    kurento-browser-extensions "*"

lodash@^4.17.10:
  version "4.17.11"
  resolved "https://registry.yarnpkg.com/lodash/-/lodash-4.17.11.tgz#b39ea6229ef607ecd89e2c8df12536891cac9b8d"
  integrity sha512-cQKh8igo5QUhZ7lg38DYWAxMvjSAKG0A8wGSVimP07SIUEK2UO+arSRKbRZWtelMtN5V0Hkwh5ryOto/SshYIg==

merge-descriptors@0.0.1:
  version "0.0.1"
  resolved "https://registry.yarnpkg.com/merge-descriptors/-/merge-descriptors-0.0.1.tgz#2ff0980c924cf81d0b5d1fb601177cb8bb56c0d0"
  integrity sha1-L/CYDJJM+B0LXR+2ARd8uLtWwNA=

merge@^1.2.0:
  version "1.2.1"
  resolved "https://registry.yarnpkg.com/merge/-/merge-1.2.1.tgz#38bebf80c3220a8a487b6fcfb3941bb11720c145"
  integrity sha512-VjFo4P5Whtj4vsLzsYBu5ayHhoHJ0UqNm7ibvShmbmoz7tGi0vXaoJbGdB+GmDMLUdg8DpQXEIeVDAe8MaABvQ==

methods@0.1.0:
  version "0.1.0"
  resolved "https://registry.yarnpkg.com/methods/-/methods-0.1.0.tgz#335d429eefd21b7bacf2e9c922a8d2bd14a30e4f"
  integrity sha1-M11Cnu/SG3us8unJIqjSvRSjDk8=

mime@^1.2.9:
  version "1.6.0"
  resolved "https://registry.yarnpkg.com/mime/-/mime-1.6.0.tgz#32cd9e5c64553bd58d19a568af452acff04981b1"
  integrity sha512-x0Vn8spI+wuJ1O6S7gnbaQg8Pxh4NNHb7KSINmEWKiPE4RKOplvijn+NkmYmmRgP68mc70j2EbeTFRsrswaQeg==

mime@~1.2.9:
  version "1.2.11"
  resolved "https://registry.yarnpkg.com/mime/-/mime-1.2.11.tgz#58203eed86e3a5ef17aed2b7d9ebd47f0a60dd10"
  integrity sha1-WCA+7Ybjpe8XrtK32evUfwpg3RA=

minimist@^1.2.0:
  version "1.2.0"
  resolved "https://registry.yarnpkg.com/minimist/-/minimist-1.2.0.tgz#a35008b20f41383eec1fb914f4cd5df79a264284"
  integrity sha1-o1AIsg9BOD7sH7kU9M1d95omQoQ=

minimist@~0.0.1:
  version "0.0.10"
  resolved "https://registry.yarnpkg.com/minimist/-/minimist-0.0.10.tgz#de3f98543dbf96082be48ad1a0c7cda836301dcf"
  integrity sha1-3j+YVD2/lggr5IrRoMfNqDYwHc8=

mkdirp@0.3.5:
  version "0.3.5"
  resolved "https://registry.yarnpkg.com/mkdirp/-/mkdirp-0.3.5.tgz#de3e5f8961c88c787ee1368df849ac4413eca8d7"
  integrity sha1-3j5fiWHIjHh+4TaN+EmsRBPsqNc=

ms@^2.1.1:
  version "2.1.1"
  resolved "https://registry.yarnpkg.com/ms/-/ms-2.1.1.tgz#30a5864eb3ebb0a66f2ebe6d727af06a09d86e0a"
  integrity sha512-tgp+dl5cGk28utYktBsrFqA7HKgrhgPsg6Z/EfhWI4gl1Hwq8B/GmY/0oXZ6nF8hDVesS/FpnYaD/kOWhYQvyg==

multiparty@2.2.0:
  version "2.2.0"
  resolved "https://registry.yarnpkg.com/multiparty/-/multiparty-2.2.0.tgz#a567c2af000ad22dc8f2a653d91978ae1f5316f4"
  integrity sha1-pWfCrwAK0i3I8qZT2Rl4rh9TFvQ=
  dependencies:
    readable-stream "~1.1.9"
    stream-counter "~0.2.0"

nan@^2.0.5:
  version "2.11.1"
  resolved "https://registry.yarnpkg.com/nan/-/nan-2.11.1.tgz#90e22bccb8ca57ea4cd37cc83d3819b52eea6766"
  integrity sha512-iji6k87OSXa0CcrLl9z+ZiYSuR2o+c0bGuNmXdrhTQTakxytAFsC56SArGYoiHlJlFoHSnvmhpceZJaXkVuOtA==

nan@~1.0.0:
  version "1.0.0"
  resolved "https://registry.yarnpkg.com/nan/-/nan-1.0.0.tgz#ae24f8850818d662fcab5acf7f3b95bfaa2ccf38"
  integrity sha1-riT4hQgY1mL8q1rPfzuVv6oszzg=

nan@~2.4.0:
  version "2.4.0"
  resolved "https://registry.yarnpkg.com/nan/-/nan-2.4.0.tgz#fb3c59d45fe4effe215f0b890f8adf6eb32d2232"
  integrity sha1-+zxZ1F/k7/4hXwuJD4rfbrMtIjI=

negotiator@0.3.0:
  version "0.3.0"
  resolved "https://registry.yarnpkg.com/negotiator/-/negotiator-0.3.0.tgz#706d692efeddf574d57ea9fb1ab89a4fa7ee8f60"
  integrity sha1-cG1pLv7d9XTVfqn7GriaT6fuj2A=

node-static@~0.7.1:
  version "0.7.11"
  resolved "https://registry.yarnpkg.com/node-static/-/node-static-0.7.11.tgz#60120d349f3cef533e4e820670057eb631882e7f"
  integrity sha512-zfWC/gICcqb74D9ndyvxZWaI1jzcoHmf4UTHWQchBNuNMxdBLJMDiUgZ1tjGLEIe/BMhj2DxKD8HOuc2062pDQ==
  dependencies:
    colors ">=0.6.0"
    mime "^1.2.9"
    optimist ">=0.3.4"

normalice@^1.0.0:
  version "1.0.1"
  resolved "https://registry.yarnpkg.com/normalice/-/normalice-1.0.1.tgz#03435c2eecd5631a6bca02da3930ec3e345a80f7"
  integrity sha1-A0NcLuzVYxprygLaOTDsPjRagPc=

optimist@>=0.3.4:
  version "0.6.1"
  resolved "https://registry.yarnpkg.com/optimist/-/optimist-0.6.1.tgz#da3ea74686fa21a19a111c326e90eb15a0196686"
  integrity sha1-2j6nRob6IaGaERwybpDrFaAZZoY=
  dependencies:
    minimist "~0.0.1"
    wordwrap "~0.0.2"

options@>=0.0.5:
  version "0.0.6"
  resolved "https://registry.yarnpkg.com/options/-/options-0.0.6.tgz#ec22d312806bb53e731773e7cdaefcf1c643128f"
  integrity sha1-7CLTEoBrtT5zF3Pnza788cZDEo8=

pause@0.0.1:
  version "0.0.1"
  resolved "https://registry.yarnpkg.com/pause/-/pause-0.0.1.tgz#1d408b3fdb76923b9543d96fb4c9dfd535d9cb5d"
  integrity sha1-HUCLP9t2kjuVQ9lvtMnf1TXZy10=

policyfile@0.0.4:
  version "0.0.4"
  resolved "https://registry.yarnpkg.com/policyfile/-/policyfile-0.0.4.tgz#d6b82ead98ae79ebe228e2daf5903311ec982e4d"
  integrity sha1-1rgurZiueeviKOLa9ZAzEeyYLk0=

promise@7.1.1:
  version "7.1.1"
  resolved "https://registry.yarnpkg.com/promise/-/promise-7.1.1.tgz#489654c692616b8aa55b0724fa809bb7db49c5bf"
  integrity sha1-SJZUxpJha4qlWwck+oCbt9tJxb8=
  dependencies:
    asap "~2.0.3"

promisecallback@0.0.4:
  version "0.0.4"
  resolved "https://registry.yarnpkg.com/promisecallback/-/promisecallback-0.0.4.tgz#b934f13c04e443622b4d66de4e42ea5f6ce66e74"
  integrity sha1-uTTxPATkQ2IrTWbeTkLqX2zmbnQ=

qs@0.6.6:
  version "0.6.6"
  resolved "https://registry.yarnpkg.com/qs/-/qs-0.6.6.tgz#6e015098ff51968b8a3c819001d5f2c89bc4b107"
  integrity sha1-bgFQmP9RlouKPIGQAdXyyJvEsQc=

range-parser@0.0.4:
  version "0.0.4"
  resolved "https://registry.yarnpkg.com/range-parser/-/range-parser-0.0.4.tgz#c0427ffef51c10acba0782a46c9602e744ff620b"
  integrity sha1-wEJ//vUcEKy6B4KkbJYC50T/Ygs=

raw-body@1.1.2:
  version "1.1.2"
  resolved "https://registry.yarnpkg.com/raw-body/-/raw-body-1.1.2.tgz#c74b3004dea5defd1696171106ac740ec31d62be"
  integrity sha1-x0swBN6l3v0WlhcRBqx0DsMdYr4=
  dependencies:
    bytes "~0.2.1"

readable-stream@~1.1.8, readable-stream@~1.1.9:
  version "1.1.14"
  resolved "https://registry.yarnpkg.com/readable-stream/-/readable-stream-1.1.14.tgz#7cf4c54ef648e3813084c636dd2079e166c081d9"
  integrity sha1-fPTFTvZI44EwhMY23SB54WbAgdk=
  dependencies:
    core-util-is "~1.0.0"
    inherits "~2.0.1"
    isarray "0.0.1"
    string_decoder "~0.10.x"

reconnect-core@KurentoForks/reconnect-core:
  version "1.0.0"
  resolved "https://codeload.github.com/KurentoForks/reconnect-core/tar.gz/921d43e91578abb2fb2613f585c010c1939cf734"
  dependencies:
    backoff "~2.3.0"

"reconnect-ws@github:KurentoForks/reconnect-ws#master":
  version "0.0.0"
  resolved "https://codeload.github.com/KurentoForks/reconnect-ws/tar.gz/f287385d75861654528c352e60221f95c9209f8a"
  dependencies:
    reconnect-core KurentoForks/reconnect-core
    websocket-stream "~0.5.1"

redis@0.7.3:
  version "0.7.3"
  resolved "https://registry.yarnpkg.com/redis/-/redis-0.7.3.tgz#ee57b7a44d25ec1594e44365d8165fa7d1d4811a"
  integrity sha1-7le3pE0l7BWU5ENl2BZfp9HUgRo=

sdp-transform@1.5.*:
  version "1.5.3"
  resolved "https://registry.yarnpkg.com/sdp-transform/-/sdp-transform-1.5.3.tgz#8a6d0f8bd699ce3abc310ba4b1cde598928a0816"
  integrity sha1-im0Pi9aZzjq8MQuksc3lmJKKCBY=

sdp-translator@^0.1.15:
  version "0.1.24"
  resolved "https://registry.yarnpkg.com/sdp-translator/-/sdp-translator-0.1.24.tgz#83fb8d634a63f15cd9944237dd90bd406906c6f3"
  integrity sha1-g/uNY0pj8VzZlEI33ZC9QGkGxvM=
  dependencies:
    sdp-transform "1.5.*"

send@0.1.4:
  version "0.1.4"
  resolved "https://registry.yarnpkg.com/send/-/send-0.1.4.tgz#be70d8d1be01de61821af13780b50345a4f71abd"
  integrity sha1-vnDY0b4B3mGCGvE3gLUDRaT3Gr0=
  dependencies:
    debug "*"
    fresh "0.2.0"
    mime "~1.2.9"
    range-parser "0.0.4"

socket.io-client@0.9.16:
  version "0.9.16"
  resolved "https://registry.yarnpkg.com/socket.io-client/-/socket.io-client-0.9.16.tgz#4da7515c5e773041d1b423970415bcc430f35fc6"
  integrity sha1-TadRXF53MEHRtCOXBBW8xDDzX8Y=
  dependencies:
    active-x-obfuscator "0.0.1"
    uglify-js "1.2.5"
    ws "0.4.x"
    xmlhttprequest "1.4.2"

socket.io@~0.9.16:
  version "0.9.19"
  resolved "https://registry.yarnpkg.com/socket.io/-/socket.io-0.9.19.tgz#490bb5fd0dc54cf002ee04e67fadfc43b848a38f"
  integrity sha1-SQu1/Q3FTPAC7gTmf638Q7hIo48=
  dependencies:
    base64id "0.1.0"
    policyfile "0.0.4"
    socket.io-client "0.9.16"
  optionalDependencies:
    redis "0.7.3"

stream-counter@~0.2.0:
  version "0.2.0"
  resolved "https://registry.yarnpkg.com/stream-counter/-/stream-counter-0.2.0.tgz#ded266556319c8b0e222812b9cf3b26fa7d947de"
  integrity sha1-3tJmVWMZyLDiIoErnPOyb6fZR94=
  dependencies:
    readable-stream "~1.1.8"

string_decoder@~0.10.x:
  version "0.10.31"
  resolved "https://registry.yarnpkg.com/string_decoder/-/string_decoder-0.10.31.tgz#62e203bc41766c6c28c9fc84301dab1c5310fa94"
  integrity sha1-YuIDvEF2bGwoyfyEMB2rHFMQ+pQ=

through@~2.3.4:
  version "2.3.8"
  resolved "https://registry.yarnpkg.com/through/-/through-2.3.8.tgz#0dd4c9ffaabc357960b1b724115d7e0e86a2e1f5"
  integrity sha1-DdTJ/6q8NXlgsbckEV1+Doai4fU=

tinycolor@0.x:
  version "0.0.1"
  resolved "https://registry.yarnpkg.com/tinycolor/-/tinycolor-0.0.1.tgz#320b5a52d83abb5978d81a3e887d4aefb15a6164"
  integrity sha1-MgtaUtg6u1l42Bo+iH1K77FaYWQ=

ua-parser-js@^0.7.7:
  version "0.7.19"
  resolved "https://registry.yarnpkg.com/ua-parser-js/-/ua-parser-js-0.7.19.tgz#94151be4c0a7fb1d001af7022fdaca4642659e4b"
  integrity sha512-T3PVJ6uz8i0HzPxOF9SWzWAlfN/DavlpQqepn22xgve/5QecC+XMCAtmUNnY7C9StehaV6exjUCI801lOI7QlQ==

uglify-js@1.2.5:
  version "1.2.5"
  resolved "https://registry.yarnpkg.com/uglify-js/-/uglify-js-1.2.5.tgz#b542c2c76f78efb34b200b20177634330ff702b6"
  integrity sha1-tULCx29477NLIAsgF3Y0Mw/3ArY=

uid2@0.0.3:
  version "0.0.3"
  resolved "https://registry.yarnpkg.com/uid2/-/uid2-0.0.3.tgz#483126e11774df2f71b8b639dcd799c376162b82"
  integrity sha1-SDEm4Rd03y9xuLY53NeZw3YWK4I=

ultron@1.0.x:
  version "1.0.2"
  resolved "https://registry.yarnpkg.com/ultron/-/ultron-1.0.2.tgz#ace116ab557cd197386a4e88f4685378c8b2e4fa"
  integrity sha1-rOEWq1V80Zc4ak6I9GhTeMiy5Po=

utf-8-validate@1.2.x:
  version "1.2.2"
  resolved "https://registry.yarnpkg.com/utf-8-validate/-/utf-8-validate-1.2.2.tgz#8bb871a4741e085c70487ca7acdbd7d6d36029eb"
  integrity sha1-i7hxpHQeCFxwSHynrNvX1tNgKes=
  dependencies:
    bindings "~1.2.1"
    nan "~2.4.0"

uuid@~2.0.1:
  version "2.0.3"
  resolved "https://registry.yarnpkg.com/uuid/-/uuid-2.0.3.tgz#67e2e863797215530dff318e5bf9dcebfd47b21a"
  integrity sha1-Z+LoY3lyFVMN/zGOW/nc6/1Hsho=

websocket-stream@~0.5.1:
  version "0.5.1"
  resolved "https://registry.yarnpkg.com/websocket-stream/-/websocket-stream-0.5.1.tgz#622cd1f0566fb84ce0a4d6f854526f3dc4d70e48"
  integrity sha1-YizR8FZvuEzgpNb4VFJvPcTXDkg=
  dependencies:
    isbuffer "0.0.0"
    through "~2.3.4"
    ws "~0.4.30"

wildemitter@^1.2.0:
  version "1.2.0"
  resolved "https://registry.yarnpkg.com/wildemitter/-/wildemitter-1.2.0.tgz#29dd3a72d699c3e279dd021c3cd2150b82c9a211"
  integrity sha1-Kd06ctaZw+J53QIcPNIVC4LJohE=

wordwrap@~0.0.2:
  version "0.0.3"
  resolved "https://registry.yarnpkg.com/wordwrap/-/wordwrap-0.0.3.tgz#a3d5da6cd5c0bc0008d37234bbaf1bed63059107"
  integrity sha1-o9XabNXAvAAI03I0u68b7WMFkQc=

ws@0.4.x, ws@~0.4.30:
  version "0.4.32"
  resolved "https://registry.yarnpkg.com/ws/-/ws-0.4.32.tgz#787a6154414f3c99ed83c5772153b20feb0cec32"
  integrity sha1-eHphVEFPPJntg8V3IVOyD+sM7DI=
  dependencies:
    commander "~2.1.0"
    nan "~1.0.0"
    options ">=0.0.5"
    tinycolor "0.x"

ws@^1.1.1:
  version "1.1.5"
  resolved "https://registry.yarnpkg.com/ws/-/ws-1.1.5.tgz#cbd9e6e75e09fc5d2c90015f21f0c40875e0dd51"
  integrity sha512-o3KqipXNUdS7wpQzBHSe180lBGO60SoK0yVo3CYJgb2MkobuWuBX6dhkYP5ORCLd55y+SaflMOV5fqAB53ux4w==
  dependencies:
    options ">=0.0.5"
    ultron "1.0.x"

xmlhttprequest@1.4.2:
  version "1.4.2"
  resolved "https://registry.yarnpkg.com/xmlhttprequest/-/xmlhttprequest-1.4.2.tgz#01453a1d9bed1e8f172f6495bbf4c8c426321500"
  integrity sha1-AUU6HZvtHo8XL2SVu/TIxCYyFQA=

zeparser@0.0.5:
  version "0.0.5"
  resolved "https://registry.yarnpkg.com/zeparser/-/zeparser-0.0.5.tgz#03726561bc268f2e5444f54c665b7fd4a8c029e2"
  integrity sha1-A3JlYbwmjy5URPVMZlt/1KjAKeI=
